
Microsoft Visual Studio Solution File, Format Version 12.00
# Visual Studio 2012
Project("{FAE04EC0-301F-11D3-BF4B-00C04F79EFBC}") = "Drop", "Drop\Drop.csproj", "{F8EDC7B5-A801-4DD5-8570-7E27B51274F1}"
EndProject
Project("{FAE04EC0-301F-11D3-BF4B-00C04F79EFBC}") = "Drop.Droid", "Droid\Drop.Droid.csproj", "{D6E82BAE-5CE7-4642-8B43-1024E48469D8}"
EndProject
Project("{FAE04EC0-301F-11D3-BF4B-00C04F79EFBC}") = "Drop.iOS", "iOS\Drop.iOS.csproj", "{0962E093-203B-4CCB-9673-3304DC03D854}"
EndProject
Global
	GlobalSection(SolutionConfigurationPlatforms) = preSolution
		Debug|Any CPU = Debug|Any CPU
		Release|Any CPU = Release|Any CPU
		Debug|iPhoneSimulator = Debug|iPhoneSimulator
		Release|iPhone = Release|iPhone
		Release|iPhoneSimulator = Release|iPhoneSimulator
		Debug|iPhone = Debug|iPhone
	EndGlobalSection
	GlobalSection(ProjectConfigurationPlatforms) = postSolution
		{F8EDC7B5-A801-4DD5-8570-7E27B51274F1}.Debug|Any CPU.ActiveCfg = Debug|Any CPU
		{F8EDC7B5-A801-4DD5-8570-7E27B51274F1}.Debug|Any CPU.Build.0 = Debug|Any CPU
		{F8EDC7B5-A801-4DD5-8570-7E27B51274F1}.Release|Any CPU.ActiveCfg = Release|Any CPU
		{F8EDC7B5-A801-4DD5-8570-7E27B51274F1}.Release|Any CPU.Build.0 = Release|Any CPU
		{F8EDC7B5-A801-4DD5-8570-7E27B51274F1}.Debug|iPhoneSimulator.ActiveCfg = Debug|Any CPU
		{F8EDC7B5-A801-4DD5-8570-7E27B51274F1}.Debug|iPhoneSimulator.Build.0 = Debug|Any CPU
		{F8EDC7B5-A801-4DD5-8570-7E27B51274F1}.Release|iPhone.ActiveCfg = Release|Any CPU
		{F8EDC7B5-A801-4DD5-8570-7E27B51274F1}.Release|iPhone.Build.0 = Release|Any CPU
		{F8EDC7B5-A801-4DD5-8570-7E27B51274F1}.Release|iPhoneSimulator.ActiveCfg = Release|Any CPU
		{F8EDC7B5-A801-4DD5-8570-7E27B51274F1}.Release|iPhoneSimulator.Build.0 = Release|Any CPU
		{F8EDC7B5-A801-4DD5-8570-7E27B51274F1}.Debug|iPhone.ActiveCfg = Debug|Any CPU
		{F8EDC7B5-A801-4DD5-8570-7E27B51274F1}.Debug|iPhone.Build.0 = Debug|Any CPU
		{D6E82BAE-5CE7-4642-8B43-1024E48469D8}.Debug|Any CPU.ActiveCfg = Debug|Any CPU
		{D6E82BAE-5CE7-4642-8B43-1024E48469D8}.Debug|Any CPU.Build.0 = Debug|Any CPU
		{D6E82BAE-5CE7-4642-8B43-1024E48469D8}.Release|Any CPU.ActiveCfg = Release|Any CPU
		{D6E82BAE-5CE7-4642-8B43-1024E48469D8}.Release|Any CPU.Build.0 = Release|Any CPU
		{D6E82BAE-5CE7-4642-8B43-1024E48469D8}.Debug|iPhoneSimulator.ActiveCfg = Debug|Any CPU
		{D6E82BAE-5CE7-4642-8B43-1024E48469D8}.Debug|iPhoneSimulator.Build.0 = Debug|Any CPU
		{D6E82BAE-5CE7-4642-8B43-1024E48469D8}.Release|iPhone.ActiveCfg = Release|Any CPU
		{D6E82BAE-5CE7-4642-8B43-1024E48469D8}.Release|iPhone.Build.0 = Release|Any CPU
		{D6E82BAE-5CE7-4642-8B43-1024E48469D8}.Release|iPhoneSimulator.ActiveCfg = Release|Any CPU
		{D6E82BAE-5CE7-4642-8B43-1024E48469D8}.Release|iPhoneSimulator.Build.0 = Release|Any CPU
		{D6E82BAE-5CE7-4642-8B43-1024E48469D8}.Debug|iPhone.ActiveCfg = Debug|Any CPU
		{D6E82BAE-5CE7-4642-8B43-1024E48469D8}.Debug|iPhone.Build.0 = Debug|Any CPU
		{0962E093-203B-4CCB-9673-3304DC03D854}.Debug|Any CPU.ActiveCfg = Debug|iPhoneSimulator
		{0962E093-203B-4CCB-9673-3304DC03D854}.Debug|Any CPU.Build.0 = Debug|iPhoneSimulator
		{0962E093-203B-4CCB-9673-3304DC03D854}.Release|Any CPU.ActiveCfg = Release|iPhone
		{0962E093-203B-4CCB-9673-3304DC03D854}.Release|Any CPU.Build.0 = Release|iPhone
		{0962E093-203B-4CCB-9673-3304DC03D854}.Debug|iPhoneSimulator.ActiveCfg = Debug|iPhoneSimulator
		{0962E093-203B-4CCB-9673-3304DC03D854}.Debug|iPhoneSimulator.Build.0 = Debug|iPhoneSimulator
		{0962E093-203B-4CCB-9673-3304DC03D854}.Release|iPhone.ActiveCfg = Release|iPhone
		{0962E093-203B-4CCB-9673-3304DC03D854}.Release|iPhone.Build.0 = Release|iPhone
		{0962E093-203B-4CCB-9673-3304DC03D854}.Release|iPhoneSimulator.ActiveCfg = Release|iPhoneSimulator
		{0962E093-203B-4CCB-9673-3304DC03D854}.Release|iPhoneSimulator.Build.0 = Release|iPhoneSimulator
		{0962E093-203B-4CCB-9673-3304DC03D854}.Debug|iPhone.ActiveCfg = Debug|iPhone
		{0962E093-203B-4CCB-9673-3304DC03D854}.Debug|iPhone.Build.0 = Debug|iPhone
	EndGlobalSection
EndGlobal
